
Microsoft Visual Studio Solution File, Format Version 12.00
# Visual Studio Version 17
VisualStudioVersion = 17.14.37301.10 d17.14
MinimumVisualStudioVersion = 10.0.40219.1
Project("{FAE04EC0-301F-11D3-BF4B-00C04F79EFBC}") = "TyrelleTaytumDesigns", "TyrelleTaytumDesigns\TyrelleTaytumDesigns.csproj", "{0628B8F8-0F7A-4BAD-90A3-F20DA26A6AC3}"
EndProject
Global
	GlobalSection(SolutionConfigurationPlatforms) = preSolution
		Debug|Any CPU = Debug|Any CPU
		Release|Any CPU = Release|Any CPU
	EndGlobalSection
	GlobalSection(ProjectConfigurationPlatforms) = postSolution
		{0628B8F8-0F7A-4BAD-90A3-F20DA26A6AC3}.Debug|Any CPU.ActiveCfg = Debug|Any CPU
		{0628B8F8-0F7A-4BAD-90A3-F20DA26A6AC3}.Debug|Any CPU.Build.0 = Debug|Any CPU
		{0628B8F8-0F7A-4BAD-90A3-F20DA26A6AC3}.Release|Any CPU.ActiveCfg = Release|Any CPU
		{0628B8F8-0F7A-4BAD-90A3-F20DA26A6AC3}.Release|Any CPU.Build.0 = Release|Any CPU
	EndGlobalSection
	GlobalSection(SolutionProperties) = preSolution
		HideSolutionNode = FALSE
	EndGlobalSection
	GlobalSection(ExtensibilityGlobals) = postSolution
		SolutionGuid = {54F33569-EFE4-4C97-9014-A93851B99125}
	EndGlobalSection
EndGlobal
